
Microsoft Visual Studio Solution File, Format Version 12.00
# Visual Studio Version 18
VisualStudioVersion = 18.1.11312.151
MinimumVisualStudioVersion = 10.0.40219.1
Project("{9A19103F-16F7-4668-BE54-9A1E7A4F7556}") = "Karambolo.ReactiveMvvm", "Karambolo.ReactiveMvvm\Karambolo.ReactiveMvvm.csproj", "{D04EBFB7-F038-46C4-8202-37FBDBB1BDF3}"
EndProject
Project("{9A19103F-16F7-4668-BE54-9A1E7A4F7556}") = "Karambolo.ReactiveMvvm.WinForms", "Karambolo.ReactiveMvvm.WinForms\Karambolo.ReactiveMvvm.WinForms.csproj", "{232CA4AF-8D6C-430E-9ED5-E59229F996C7}"
EndProject
Project("{9A19103F-16F7-4668-BE54-9A1E7A4F7556}") = "Karambolo.ReactiveMvvm.Wpf", "Karambolo.ReactiveMvvm.Wpf\Karambolo.ReactiveMvvm.Wpf.csproj", "{7A9AF79D-E693-4463-B961-59B38D5237EF}"
EndProject
Project("{9A19103F-16F7-4668-BE54-9A1E7A4F7556}") = "Karambolo.ReactiveMvvm.Avalonia", "Karambolo.ReactiveMvvm.Avalonia\Karambolo.ReactiveMvvm.Avalonia.csproj", "{7E4913FC-B7BC-45A7-840E-7D20E275DE8F}"
EndProject
Project("{FAE04EC0-301F-11D3-BF4B-00C04F79EFBC}") = "Karambolo.ReactiveMvvm.WinUI", "Karambolo.ReactiveMvvm.WinUI\Karambolo.ReactiveMvvm.WinUI.csproj", "{46374457-0A5C-4187-A338-61FA6729D0C9}"
EndProject
Project("{FAE04EC0-301F-11D3-BF4B-00C04F79EFBC}") = "Karambolo.ReactiveMvvm.Maui", "Karambolo.ReactiveMvvm.Maui\Karambolo.ReactiveMvvm.Maui.csproj", "{007E0BCC-74EA-A220-9EBA-A902EDE234A3}"
EndProject
Global
	GlobalSection(SolutionConfigurationPlatforms) = preSolution
		Debug|Any CPU = Debug|Any CPU
		Release|Any CPU = Release|Any CPU
	EndGlobalSection
	GlobalSection(ProjectConfigurationPlatforms) = postSolution
		{D04EBFB7-F038-46C4-8202-37FBDBB1BDF3}.Debug|Any CPU.ActiveCfg = Debug|Any CPU
		{D04EBFB7-F038-46C4-8202-37FBDBB1BDF3}.Debug|Any CPU.Build.0 = Debug|Any CPU
		{D04EBFB7-F038-46C4-8202-37FBDBB1BDF3}.Release|Any CPU.ActiveCfg = Release|Any CPU
		{D04EBFB7-F038-46C4-8202-37FBDBB1BDF3}.Release|Any CPU.Build.0 = Release|Any CPU
		{232CA4AF-8D6C-430E-9ED5-E59229F996C7}.Debug|Any CPU.ActiveCfg = Debug|Any CPU
		{232CA4AF-8D6C-430E-9ED5-E59229F996C7}.Debug|Any CPU.Build.0 = Debug|Any CPU
		{232CA4AF-8D6C-430E-9ED5-E59229F996C7}.Release|Any CPU.ActiveCfg = Release|Any CPU
		{232CA4AF-8D6C-430E-9ED5-E59229F996C7}.Release|Any CPU.Build.0 = Release|Any CPU
		{7A9AF79D-E693-4463-B961-59B38D5237EF}.Debug|Any CPU.ActiveCfg = Debug|Any CPU
		{7A9AF79D-E693-4463-B961-59B38D5237EF}.Debug|Any CPU.Build.0 = Debug|Any CPU
		{7A9AF79D-E693-4463-B961-59B38D5237EF}.Release|Any CPU.ActiveCfg = Release|Any CPU
		{7A9AF79D-E693-4463-B961-59B38D5237EF}.Release|Any CPU.Build.0 = Release|Any CPU
		{7E4913FC-B7BC-45A7-840E-7D20E275DE8F}.Debug|Any CPU.ActiveCfg = Debug|Any CPU
		{7E4913FC-B7BC-45A7-840E-7D20E275DE8F}.Debug|Any CPU.Build.0 = Debug|Any CPU
		{7E4913FC-B7BC-45A7-840E-7D20E275DE8F}.Release|Any CPU.ActiveCfg = Release|Any CPU
		{7E4913FC-B7BC-45A7-840E-7D20E275DE8F}.Release|Any CPU.Build.0 = Release|Any CPU
		{46374457-0A5C-4187-A338-61FA6729D0C9}.Debug|Any CPU.ActiveCfg = Debug|Any CPU
		{46374457-0A5C-4187-A338-61FA6729D0C9}.Debug|Any CPU.Build.0 = Debug|Any CPU
		{46374457-0A5C-4187-A338-61FA6729D0C9}.Release|Any CPU.ActiveCfg = Release|Any CPU
		{46374457-0A5C-4187-A338-61FA6729D0C9}.Release|Any CPU.Build.0 = Release|Any CPU
		{007E0BCC-74EA-A220-9EBA-A902EDE234A3}.Debug|Any CPU.ActiveCfg = Debug|Any CPU
		{007E0BCC-74EA-A220-9EBA-A902EDE234A3}.Debug|Any CPU.Build.0 = Debug|Any CPU
		{007E0BCC-74EA-A220-9EBA-A902EDE234A3}.Release|Any CPU.ActiveCfg = Release|Any CPU
		{007E0BCC-74EA-A220-9EBA-A902EDE234A3}.Release|Any CPU.Build.0 = Release|Any CPU
	EndGlobalSection
	GlobalSection(SolutionProperties) = preSolution
		HideSolutionNode = FALSE
	EndGlobalSection
	GlobalSection(ExtensibilityGlobals) = postSolution
		SolutionGuid = {C307431B-60C2-4116-8734-0242EB76E5B8}
	EndGlobalSection
EndGlobal
